// !$*UTF8*$!
{
	archiveVersion = 1;
	classes = {
	};
	objectVersion = 46;
	objects = {

/* Begin PBXBuildFile section */
		913EDD8F1C1C53B50062CE38 /* AppDelegate.swift in Sources */ = {isa = PBXBuildFile; fileRef = 913EDD8E1C1C53B50062CE38 /* AppDelegate.swift */; };
		913EDD911C1C53B50062CE38 /* ViewController.swift in Sources */ = {isa = PBXBuildFile; fileRef = 913EDD901C1C53B50062CE38 /* ViewController.swift */; };
		913EDD941C1C53B50062CE38 /* Main.storyboard in Resources */ = {isa = PBXBuildFile; fileRef = 913EDD921C1C53B50062CE38 /* Main.storyboard */; };
		913EDD961C1C53B50062CE38 /* Assets.xcassets in Resources */ = {isa = PBXBuildFile; fileRef = 913EDD951C1C53B50062CE38 /* Assets.xcassets */; };
		913EDD991C1C53B50062CE38 /* LaunchScreen.storyboard in Resources */ = {isa = PBXBuildFile; fileRef = 913EDD971C1C53B50062CE38 /* LaunchScreen.storyboard */; };
		913EDDA41C1C53B50062CE38 /* InfiniteScrollViewDemoTests.swift in Sources */ = {isa = PBXBuildFile; fileRef = 913EDDA31C1C53B50062CE38 /* InfiniteScrollViewDemoTests.swift */; };
		913EDDAF1C1C53B50062CE38 /* InfiniteScrollViewDemoUITests.swift in Sources */ = {isa = PBXBuildFile; fileRef = 913EDDAE1C1C53B50062CE38 /* InfiniteScrollViewDemoUITests.swift */; };
		913EDDBE1C1C54910062CE38 /* InfiniteScrollView.swift in Sources */ = {isa = PBXBuildFile; fileRef = 913EDDBD1C1C54910062CE38 /* InfiniteScrollView.swift */; };
		913EDDC01C1C556C0062CE38 /* Log.swift in Sources */ = {isa = PBXBuildFile; fileRef = 913EDDBF1C1C556C0062CE38 /* Log.swift */; };
/* End PBXBuildFile section */

/* Begin PBXContainerItemProxy section */
		913EDDA01C1C53B50062CE38 /* PBXContainerItemProxy */ = {
			isa = PBXContainerItemProxy;
			containerPortal = 913EDD831C1C53B50062CE38 /* Project object */;
			proxyType = 1;
			remoteGlobalIDString = 913EDD8A1C1C53B50062CE38;
			remoteInfo = InfiniteScrollViewDemo;
		};
		913EDDAB1C1C53B50062CE38 /* PBXContainerItemProxy */ = {
			isa = PBXContainerItemProxy;
			containerPortal = 913EDD831C1C53B50062CE38 /* Project object */;
			proxyType = 1;
			remoteGlobalIDString = 913EDD8A1C1C53B50062CE38;
			remoteInfo = InfiniteScrollViewDemo;
		};
/* End PBXContainerItemProxy section */

/* Begin PBXFileReference section */
		913EDD8B1C1C53B50062CE38 /* InfiniteScrollViewDemo.app */ = {isa = PBXFileReference; explicitFileType = wrapper.application; includeInIndex = 0; path = InfiniteScrollViewDemo.app; sourceTree = BUILT_PRODUCTS_DIR; };
		913EDD8E1C1C53B50062CE38 /* AppDelegate.swift */ = {isa = PBXFileReference; lastKnownFileType = sourcecode.swift; path = AppDelegate.swift; sourceTree = "<group>"; };
		913EDD901C1C53B50062CE38 /* ViewController.swift */ = {isa = PBXFileReference; lastKnownFileType = sourcecode.swift; path = ViewController.swift; sourceTree = "<group>"; };
		913EDD931C1C53B50062CE38 /* Base */ = {isa = PBXFileReference; lastKnownFileType = file.storyboard; name = Base; path = Base.lproj/Main.storyboard; sourceTree = "<group>"; };
		913EDD951C1C53B50062CE38 /* Assets.xcassets */ = {isa = PBXFileReference; lastKnownFileType = folder.assetcatalog; path = Assets.xcassets; sourceTree = "<group>"; };
		913EDD981C1C53B50062CE38 /* Base */ = {isa = PBXFileReference; lastKnownFileType = file.storyboard; name = Base; path = Base.lproj/LaunchScreen.storyboard; sourceTree = "<group>"; };
		913EDD9A1C1C53B50062CE38 /* Info.plist */ = {isa = PBXFileReference; lastKnownFileType = text.plist.xml; path = Info.plist; sourceTree = "<group>"; };
		913EDD9F1C1C53B50062CE38 /* InfiniteScrollViewDemoTests.xctest */ = {isa = PBXFileReference; explicitFileType = wrapper.cfbundle; includeInIndex = 0; path = InfiniteScrollViewDemoTests.xctest; sourceTree = BUILT_PRODUCTS_DIR; };
		913EDDA31C1C53B50062CE38 /* InfiniteScrollViewDemoTests.swift */ = {isa = PBXFileReference; lastKnownFileType = sourcecode.swift; path = InfiniteScrollViewDemoTests.swift; sourceTree = "<group>"; };
		913EDDA51C1C53B50062CE38 /* Info.plist */ = {isa = PBXFileReference; lastKnownFileType = text.plist.xml; path = Info.plist; sourceTree = "<group>"; };
		913EDDAA1C1C53B50062CE38 /* InfiniteScrollViewDemoUITests.xctest */ = {isa = PBXFileReference; explicitFileType = wrapper.cfbundle; includeInIndex = 0; path = InfiniteScrollViewDemoUITests.xctest; sourceTree = BUILT_PRODUCTS_DIR; };
		913EDDAE1C1C53B50062CE38 /* InfiniteScrollViewDemoUITests.swift */ = {isa = PBXFileReference; lastKnownFileType = sourcecode.swift; path = InfiniteScrollViewDemoUITests.swift; sourceTree = "<group>"; };
		913EDDB01C1C53B50062CE38 /* Info.plist */ = {isa = PBXFileReference; lastKnownFileType = text.plist.xml; path = Info.plist; sourceTree = "<group>"; };
		913EDDBD1C1C54910062CE38 /* InfiniteScrollView.swift */ = {isa = PBXFileReference; fileEncoding = 4; lastKnownFileType = sourcecode.swift; path = InfiniteScrollView.swift; sourceTree = "<group>"; };
		913EDDBF1C1C556C0062CE38 /* Log.swift */ = {isa = PBXFileReference; fileEncoding = 4; lastKnownFileType = sourcecode.swift; path = Log.swift; sourceTree = "<group>"; };
/* End PBXFileReference section */

/* Begin PBXFrameworksBuildPhase section */
		913EDD881C1C53B50062CE38 /* Frameworks */ = {
			isa = PBXFrameworksBuildPhase;
			buildActionMask = 2147483647;
			files = (
			);
			runOnlyForDeploymentPostprocessing = 0;
		};
		913EDD9C1C1C53B50062CE38 /* Frameworks */ = {
			isa = PBXFrameworksBuildPhase;
			buildActionMask = 2147483647;
			files = (
			);
			runOnlyForDeploymentPostprocessing = 0;
		};
		913EDDA71C1C53B50062CE38 /* Frameworks */ = {
			isa = PBXFrameworksBuildPhase;
			buildActionMask = 2147483647;
			files = (
			);
			runOnlyForDeploymentPostprocessing = 0;
		};
/* End PBXFrameworksBuildPhase section */

/* Begin PBXGroup section */
		913EDD821C1C53B50062CE38 = {
			isa = PBXGroup;
			children = (
				913EDDBC1C1C53DE0062CE38 /* InfiniteScrollView */,
				913EDD8D1C1C53B50062CE38 /* InfiniteScrollViewDemo */,
				913EDDA21C1C53B50062CE38 /* InfiniteScrollViewDemoTests */,
				913EDDAD1C1C53B50062CE38 /* InfiniteScrollViewDemoUITests */,
				913EDD8C1C1C53B50062CE38 /* Products */,
			);
			sourceTree = "<group>";
		};
		913EDD8C1C1C53B50062CE38 /* Products */ = {
			isa = PBXGroup;
			children = (
				913EDD8B1C1C53B50062CE38 /* InfiniteScrollViewDemo.app */,
				913EDD9F1C1C53B50062CE38 /* InfiniteScrollViewDemoTests.xctest */,
				913EDDAA1C1C53B50062CE38 /* InfiniteScrollViewDemoUITests.xctest */,
			);
			name = Products;
			sourceTree = "<group>";
		};
		913EDD8D1C1C53B50062CE38 /* InfiniteScrollViewDemo */ = {
			isa = PBXGroup;
			children = (
				913EDD8E1C1C53B50062CE38 /* AppDelegate.swift */,
				913EDD901C1C53B50062CE38 /* ViewController.swift */,
				913EDD921C1C53B50062CE38 /* Main.storyboard */,
				913EDD951C1C53B50062CE38 /* Assets.xcassets */,
				913EDD971C1C53B50062CE38 /* LaunchScreen.storyboard */,
				913EDD9A1C1C53B50062CE38 /* Info.plist */,
				913EDDBF1C1C556C0062CE38 /* Log.swift */,
			);
			path = InfiniteScrollViewDemo;
			sourceTree = "<group>";
		};
		913EDDA21C1C53B50062CE38 /* InfiniteScrollViewDemoTests */ = {
			isa = PBXGroup;
			children = (
				913EDDA31C1C53B50062CE38 /* InfiniteScrollViewDemoTests.swift */,
				913EDDA51C1C53B50062CE38 /* Info.plist */,
			);
			path = InfiniteScrollViewDemoTests;
			sourceTree = "<group>";
		};
		913EDDAD1C1C53B50062CE38 /* InfiniteScrollViewDemoUITests */ = {
			isa = PBXGroup;
			children = (
				913EDDAE1C1C53B50062CE38 /* InfiniteScrollViewDemoUITests.swift */,
				913EDDB01C1C53B50062CE38 /* Info.plist */,
			);
			path = InfiniteScrollViewDemoUITests;
			sourceTree = "<group>";
		};
		913EDDBC1C1C53DE0062CE38 /* InfiniteScrollView */ = {
			isa = PBXGroup;
			children = (
				913EDDBD1C1C54910062CE38 /* InfiniteScrollView.swift */,
			);
			name = InfiniteScrollView;
			path = ../InfiniteScrollView;
			sourceTree = "<group>";
		};
/* End PBXGroup section */

/* Begin PBXNativeTarget section */
		913EDD8A1C1C53B50062CE38 /* InfiniteScrollViewDemo */ = {
			isa = PBXNativeTarget;
			buildConfigurationList = 913EDDB31C1C53B50062CE38 /* Build configuration list for PBXNativeTarget "InfiniteScrollViewDemo" */;
			buildPhases = (
				913EDD871C1C53B50062CE38 /* Sources */,
				913EDD881C1C53B50062CE38 /* Frameworks */,
				913EDD891C1C53B50062CE38 /* Resources */,
			);
			buildRules = (
			);
			dependencies = (
			);
			name = InfiniteScrollViewDemo;
			productName = InfiniteScrollViewDemo;
			productReference = 913EDD8B1C1C53B50062CE38 /* InfiniteScrollViewDemo.app */;
			productType = "com.apple.product-type.application";
		};
		913EDD9E1C1C53B50062CE38 /* InfiniteScrollViewDemoTests */ = {
			isa = PBXNativeTarget;
			buildConfigurationList = 913EDDB61C1C53B50062CE38 /* Build configuration list for PBXNativeTarget "InfiniteScrollViewDemoTests" */;
			buildPhases = (
				913EDD9B1C1C53B50062CE38 /* Sources */,
				913EDD9C1C1C53B50062CE38 /* Frameworks */,
				913EDD9D1C1C53B50062CE38 /* Resources */,
			);
			buildRules = (
			);
			dependencies = (
				913EDDA11C1C53B50062CE38 /* PBXTargetDependency */,
			);
			name = InfiniteScrollViewDemoTests;
			productName = InfiniteScrollViewDemoTests;
			productReference = 913EDD9F1C1C53B50062CE38 /* InfiniteScrollViewDemoTests.xctest */;
			productType = "com.apple.product-type.bundle.unit-test";
		};
		913EDDA91C1C53B50062CE38 /* InfiniteScrollViewDemoUITests */ = {
			isa = PBXNativeTarget;
			buildConfigurationList = 913EDDB91C1C53B50062CE38 /* Build configuration list for PBXNativeTarget "InfiniteScrollViewDemoUITests" */;
			buildPhases = (
				913EDDA61C1C53B50062CE38 /* Sources */,
				913EDDA71C1C53B50062CE38 /* Frameworks */,
				913EDDA81C1C53B50062CE38 /* Resources */,
			);
			buildRules = (
			);
			dependencies = (
				913EDDAC1C1C53B50062CE38 /* PBXTargetDependency */,
			);
			name = InfiniteScrollViewDemoUITests;
			productName = InfiniteScrollViewDemoUITests;
			productReference = 913EDDAA1C1C53B50062CE38 /* InfiniteScrollViewDemoUITests.xctest */;
			productType = "com.apple.product-type.bundle.ui-testing";
		};
/* End PBXNativeTarget section */

/* Begin PBXProject section */
		913EDD831C1C53B50062CE38 /* Project object */ = {
			isa = PBXProject;
			attributes = {
				LastSwiftUpdateCheck = 0720;
				LastUpgradeCheck = 0720;
				ORGANIZATIONNAME = nfujii;
				TargetAttributes = {
					913EDD8A1C1C53B50062CE38 = {
						CreatedOnToolsVersion = 7.2;
						DevelopmentTeam = M8WHB2LEDJ;
					};
					913EDD9E1C1C53B50062CE38 = {
						CreatedOnToolsVersion = 7.2;
						TestTargetID = 913EDD8A1C1C53B50062CE38;
					};
					913EDDA91C1C53B50062CE38 = {
						CreatedOnToolsVersion = 7.2;
						TestTargetID = 913EDD8A1C1C53B50062CE38;
					};
				};
			};
			buildConfigurationList = 913EDD861C1C53B50062CE38 /* Build configuration list for PBXProject "InfiniteScrollViewDemo" */;
			compatibilityVersion = "Xcode 3.2";
			developmentRegion = English;
			hasScannedForEncodings = 0;
			knownRegions = (
				en,
				Base,
			);
			mainGroup = 913EDD821C1C53B50062CE38;
			productRefGroup = 913EDD8C1C1C53B50062CE38 /* Products */;
			projectDirPath = "";
			projectRoot = "";
			targets = (
				913EDD8A1C1C53B50062CE38 /* InfiniteScrollViewDemo */,
				913EDD9E1C1C53B50062CE38 /* InfiniteScrollViewDemoTests */,
				913EDDA91C1C53B50062CE38 /* InfiniteScrollViewDemoUITests */,
			);
		};
/* End PBXProject section */

/* Begin PBXResourcesBuildPhase section */
		913EDD891C1C53B50062CE38 /* Resources */ = {
			isa = PBXResourcesBuildPhase;
			buildActionMask = 2147483647;
			files = (
				913EDD991C1C53B50062CE38 /* LaunchScreen.storyboard in Resources */,
				913EDD961C1C53B50062CE38 /* Assets.xcassets in Resources */,
				913EDD941C1C53B50062CE38 /* Main.storyboard in Resources */,
			);
			runOnlyForDeploymentPostprocessing = 0;
		};
		913EDD9D1C1C53B50062CE38 /* Resources */ = {
			isa = PBXResourcesBuildPhase;
			buildActionMask = 2147483647;
			files = (
			);
			runOnlyForDeploymentPostprocessing = 0;
		};
		913EDDA81C1C53B50062CE38 /* Resources */ = {
			isa = PBXResourcesBuildPhase;
			buildActionMask = 2147483647;
			files = (
			);
			runOnlyForDeploymentPostprocessing = 0;
		};
/* End PBXResourcesBuildPhase section */

/* Begin PBXSourcesBuildPhase section */
		913EDD871C1C53B50062CE38 /* Sources */ = {
			isa = PBXSourcesBuildPhase;
			buildActionMask = 2147483647;
			files = (
				913EDDBE1C1C54910062CE38 /* InfiniteScrollView.swift in Sources */,
				913EDD911C1C53B50062CE38 /* ViewController.swift in Sources */,
				913EDDC01C1C556C0062CE38 /* Log.swift in Sources */,
				913EDD8F1C1C53B50062CE38 /* AppDelegate.swift in Sources */,
			);
			runOnlyForDeploymentPostprocessing = 0;
		};
		913EDD9B1C1C53B50062CE38 /* Sources */ = {
			isa = PBXSourcesBuildPhase;
			buildActionMask = 2147483647;
			files = (
				913EDDA41C1C53B50062CE38 /* InfiniteScrollViewDemoTests.swift in Sources */,
			);
			runOnlyForDeploymentPostprocessing = 0;
		};
		913EDDA61C1C53B50062CE38 /* Sources */ = {
			isa = PBXSourcesBuildPhase;
			buildActionMask = 2147483647;
			files = (
				913EDDAF1C1C53B50062CE38 /* InfiniteScrollViewDemoUITests.swift in Sources */,
			);
			runOnlyForDeploymentPostprocessing = 0;
		};
/* End PBXSourcesBuildPhase section */

/* Begin PBXTargetDependency section */
		913EDDA11C1C53B50062CE38 /* PBXTargetDependency */ = {
			isa = PBXTargetDependency;
			target = 913EDD8A1C1C53B50062CE38 /* InfiniteScrollViewDemo */;
			targetProxy = 913EDDA01C1C53B50062CE38 /* PBXContainerItemProxy */;
		};
		913EDDAC1C1C53B50062CE38 /* PBXTargetDependency */ = {
			isa = PBXTargetDependency;
			target = 913EDD8A1C1C53B50062CE38 /* InfiniteScrollViewDemo */;
			targetProxy = 913EDDAB1C1C53B50062CE38 /* PBXContainerItemProxy */;
		};
/* End PBXTargetDependency section */

/* Begin PBXVariantGroup section */
		913EDD921C1C53B50062CE38 /* Main.storyboard */ = {
			isa = PBXVariantGroup;
			children = (
				913EDD931C1C53B50062CE38 /* Base */,
			);
			name = Main.storyboard;
			sourceTree = "<group>";
		};
		913EDD971C1C53B50062CE38 /* LaunchScreen.storyboard */ = {
			isa = PBXVariantGroup;
			children = (
				913EDD981C1C53B50062CE38 /* Base */,
			);
			name = LaunchScreen.storyboard;
			sourceTree = "<group>";
		};
/* End PBXVariantGroup section */

/* Begin XCBuildConfiguration section */
		913EDDB11C1C53B50062CE38 /* Debug */ = {
			isa = XCBuildConfiguration;
			buildSettings = {
				ALWAYS_SEARCH_USER_PATHS = NO;
				CLANG_CXX_LANGUAGE_STANDARD = "gnu++0x";
				CLANG_CXX_LIBRARY = "libc++";
				CLANG_ENABLE_MODULES = YES;
				CLANG_ENABLE_OBJC_ARC = YES;
				CLANG_WARN_BOOL_CONVERSION = YES;
				CLANG_WARN_CONSTANT_CONVERSION = YES;
				CLANG_WARN_DIRECT_OBJC_ISA_USAGE = YES_ERROR;
				CLANG_WARN_EMPTY_BODY = YES;
				CLANG_WARN_ENUM_CONVERSION = YES;
				CLANG_WARN_INT_CONVERSION = YES;
				CLANG_WARN_OBJC_ROOT_CLASS = YES_ERROR;
				CLANG_WARN_UNREACHABLE_CODE = YES;
				CLANG_WARN__DUPLICATE_METHOD_MATCH = YES;
				"CODE_SIGN_IDENTITY[sdk=iphoneos*]" = "iPhone Developer";
				COPY_PHASE_STRIP = NO;
				DEBUG_INFORMATION_FORMAT = dwarf;
				ENABLE_STRICT_OBJC_MSGSEND = YES;
				ENABLE_TESTABILITY = YES;
				GCC_C_LANGUAGE_STANDARD = gnu99;
				GCC_DYNAMIC_NO_PIC = NO;
				GCC_NO_COMMON_BLOCKS = YES;
				GCC_OPTIMIZATION_LEVEL = 0;
				GCC_PREPROCESSOR_DEFINITIONS = (
					"DEBUG=1",
					"$(inherited)",
				);
				GCC_WARN_64_TO_32_BIT_CONVERSION = YES;
				GCC_WARN_ABOUT_RETURN_TYPE = YES_ERROR;
				GCC_WARN_UNDECLARED_SELECTOR = YES;
				GCC_WARN_UNINITIALIZED_AUTOS = YES_AGGRESSIVE;
				GCC_WARN_UNUSED_FUNCTION = YES;
				GCC_WARN_UNUSED_VARIABLE = YES;
				IPHONEOS_DEPLOYMENT_TARGET = 8.0;
				MTL_ENABLE_DEBUG_INFO = YES;
				ONLY_ACTIVE_ARCH = YES;
				SDKROOT = iphoneos;
				SWIFT_OPTIMIZATION_LEVEL = "-Onone";
			};
			name = Debug;
		};
		913EDDB21C1C53B50062CE38 /* Release */ = {
			isa = XCBuildConfiguration;
			buildSettings = {
				ALWAYS_SEARCH_USER_PATHS = NO;
				CLANG_CXX_LANGUAGE_STANDARD = "gnu++0x";
				CLANG_CXX_LIBRARY = "libc++";
				CLANG_ENABLE_MODULES = YES;
				CLANG_ENABLE_OBJC_ARC = YES;
				CLANG_WARN_BOOL_CONVERSION = YES;
				CLANG_WARN_CONSTANT_CONVERSION = YES;
				CLANG_WARN_DIRECT_OBJC_ISA_USAGE = YES_ERROR;
				CLANG_WARN_EMPTY_BODY = YES;
				CLANG_WARN_ENUM_CONVERSION = YES;
				CLANG_WARN_INT_CONVERSION = YES;
				CLANG_WARN_OBJC_ROOT_CLASS = YES_ERROR;
				CLANG_WARN_UNREACHABLE_CODE = YES;
				CLANG_WARN__DUPLICATE_METHOD_MATCH = YES;
				"CODE_SIGN_IDENTITY[sdk=iphoneos*]" = "iPhone Developer";
				COPY_PHASE_STRIP = NO;
				DEBUG_INFORMATION_FORMAT = "dwarf-with-dsym";
				ENABLE_NS_ASSERTIONS = NO;
				ENABLE_STRICT_OBJC_MSGSEND = YES;
				GCC_C_LANGUAGE_STANDARD = gnu99;
				GCC_NO_COMMON_BLOCKS = YES;
				GCC_WARN_64_TO_32_BIT_CONVERSION = YES;
				GCC_WARN_ABOUT_RETURN_TYPE = YES_ERROR;
				GCC_WARN_UNDECLARED_SELECTOR = YES;
				GCC_WARN_UNINITIALIZED_AUTOS = YES_AGGRESSIVE;
				GCC_WARN_UNUSED_FUNCTION = YES;
				GCC_WARN_UNUSED_VARIABLE = YES;
				IPHONEOS_DEPLOYMENT_TARGET = 8.0;
				MTL_ENABLE_DEBUG_INFO = NO;
				SDKROOT = iphoneos;
				VALIDATE_PRODUCT = YES;
			};
			name = Release;
		};
		913EDDB41C1C53B50062CE38 /* Debug */ = {
			isa = XCBuildConfiguration;
			buildSettings = {
				ASSETCATALOG_COMPILER_APPICON_NAME = AppIcon;
				CODE_SIGN_IDENTITY = "iPhone Developer";
				"CODE_SIGN_IDENTITY[sdk=iphoneos*]" = "iPhone Developer";
				INFOPLIST_FILE = InfiniteScrollViewDemo/Info.plist;
				IPHONEOS_DEPLOYMENT_TARGET = 8.0;
				LD_RUNPATH_SEARCH_PATHS = "$(inherited) @executable_path/Frameworks";
				PRODUCT_BUNDLE_IDENTIFIER = com.nfujii.InfiniteScrollViewDemo;
				PRODUCT_NAME = "$(TARGET_NAME)";
				PROVISIONING_PROFILE = "";
			};
			name = Debug;
		};
		913EDDB51C1C53B50062CE38 /* Release */ = {
			isa = XCBuildConfiguration;
			buildSettings = {
				ASSETCATALOG_COMPILER_APPICON_NAME = AppIcon;
				CODE_SIGN_IDENTITY = "iPhone Developer";
				"CODE_SIGN_IDENTITY[sdk=iphoneos*]" = "iPhone Developer";
				INFOPLIST_FILE = InfiniteScrollViewDemo/Info.plist;
				IPHONEOS_DEPLOYMENT_TARGET = 8.0;
				LD_RUNPATH_SEARCH_PATHS = "$(inherited) @executable_path/Frameworks";
				PRODUCT_BUNDLE_IDENTIFIER = com.nfujii.InfiniteScrollViewDemo;
				PRODUCT_NAME = "$(TARGET_NAME)";
				PROVISIONING_PROFILE = "";
			};
			name = Release;
		};
		913EDDB71C1C53B50062CE38 /* Debug */ = {
			isa = XCBuildConfiguration;
			buildSettings = {
				BUNDLE_LOADER = "$(TEST_HOST)";
				INFOPLIST_FILE = InfiniteScrollViewDemoTests/Info.plist;
				LD_RUNPATH_SEARCH_PATHS = "$(inherited) @executable_path/Frameworks @loader_path/Frameworks";
				PRODUCT_BUNDLE_IDENTIFIER = com.nfujii.InfiniteScrollViewDemoTests;
				PRODUCT_NAME = "$(TARGET_NAME)";
				TEST_HOST = "$(BUILT_PRODUCTS_DIR)/InfiniteScrollViewDemo.app/InfiniteScrollViewDemo";
			};
			name = Debug;
		};
		913EDDB81C1C53B50062CE38 /* Release */ = {
			isa = XCBuildConfiguration;
			buildSettings = {
				BUNDLE_LOADER = "$(TEST_HOST)";
				INFOPLIST_FILE = InfiniteScrollViewDemoTests/Info.plist;
				LD_RUNPATH_SEARCH_PATHS = "$(inherited) @executable_path/Frameworks @loader_path/Frameworks";
				PRODUCT_BUNDLE_IDENTIFIER = com.nfujii.InfiniteScrollViewDemoTests;
				PRODUCT_NAME = "$(TARGET_NAME)";
				TEST_HOST = "$(BUILT_PRODUCTS_DIR)/InfiniteScrollViewDemo.app/InfiniteScrollViewDemo";
			};
			name = Release;
		};
		913EDDBA1C1C53B50062CE38 /* Debug */ = {
			isa = XCBuildConfiguration;
			buildSettings = {
				INFOPLIST_FILE = InfiniteScrollViewDemoUITests/Info.plist;
				LD_RUNPATH_SEARCH_PATHS = "$(inherited) @executable_path/Frameworks @loader_path/Frameworks";
				PRODUCT_BUNDLE_IDENTIFIER = com.nfujii.InfiniteScrollViewDemoUITests;
				PRODUCT_NAME = "$(TARGET_NAME)";
				TEST_TARGET_NAME = InfiniteScrollViewDemo;
				USES_XCTRUNNER = YES;
			};
			name = Debug;
		};
		913EDDBB1C1C53B50062CE38 /* Release */ = {
			isa = XCBuildConfiguration;
			buildSettings = {
				INFOPLIST_FILE = InfiniteScrollViewDemoUITests/Info.plist;
				LD_RUNPATH_SEARCH_PATHS = "$(inherited) @executable_path/Frameworks @loader_path/Frameworks";
				PRODUCT_BUNDLE_IDENTIFIER = com.nfujii.InfiniteScrollViewDemoUITests;
				PRODUCT_NAME = "$(TARGET_NAME)";
				TEST_TARGET_NAME = InfiniteScrollViewDemo;
				USES_XCTRUNNER = YES;
			};
			name = Release;
		};
/* End XCBuildConfiguration section */

/* Begin XCConfigurationList section */
		913EDD861C1C53B50062CE38 /* Build configuration list for PBXProject "InfiniteScrollViewDemo" */ = {
			isa = XCConfigurationList;
			buildConfigurations = (
				913EDDB11C1C53B50062CE38 /* Debug */,
				913EDDB21C1C53B50062CE38 /* Release */,
			);
			defaultConfigurationIsVisible = 0;
			defaultConfigurationName = Release;
		};
		913EDDB31C1C53B50062CE38 /* Build configuration list for PBXNativeTarget "InfiniteScrollViewDemo" */ = {
			isa = XCConfigurationList;
			buildConfigurations = (
				913EDDB41C1C53B50062CE38 /* Debug */,
				913EDDB51C1C53B50062CE38 /* Release */,
			);
			defaultConfigurationIsVisible = 0;
			defaultConfigurationName = Release;
		};
		913EDDB61C1C53B50062CE38 /* Build configuration list for PBXNativeTarget "InfiniteScrollViewDemoTests" */ = {
			isa = XCConfigurationList;
			buildConfigurations = (
				913EDDB71C1C53B50062CE38 /* Debug */,
				913EDDB81C1C53B50062CE38 /* Release */,
			);
			defaultConfigurationIsVisible = 0;
			defaultConfigurationName = Release;
		};
		913EDDB91C1C53B50062CE38 /* Build configuration list for PBXNativeTarget "InfiniteScrollViewDemoUITests" */ = {
			isa = XCConfigurationList;
			buildConfigurations = (
				913EDDBA1C1C53B50062CE38 /* Debug */,
				913EDDBB1C1C53B50062CE38 /* Release */,
			);
			defaultConfigurationIsVisible = 0;
			defaultConfigurationName = Release;
		};
/* End XCConfigurationList section */
	};
	rootObject = 913EDD831C1C53B50062CE38 /* Project object */;
}
